
Microsoft Visual Studio Solution File, Format Version 12.00
# Visual Studio 15
VisualStudioVersion = 15.0.26228.9
MinimumVisualStudioVersion = 10.0.40219.1
Project("{8BC9CEB8-8B4A-11D0-8D11-00A0C91BC942}") = "Project1", "Project1\Project1.vcxproj", "{A7FFA8B8-CB2C-4DE8-AEC1-6A3442BE65CB}"
EndProject
Project("{8BC9CEB8-8B4A-11D0-8D11-00A0C91BC942}") = "Project2", "Project2\Project2.vcxproj", "{0ADE43B2-90D3-4E4C-B587-B9601465BE0F}"
EndProject
Project("{8BC9CEB8-8B4A-11D0-8D11-00A0C91BC942}") = "Project3", "Project3\Project3.vcxproj", "{AA394E11-3BCB-4DCC-813D-34AE87B6DFED}"
EndProject
Project("{8BC9CEB8-8B4A-11D0-8D11-00A0C91BC942}") = "Project4", "Project4\Project4.vcxproj", "{92A0C6A0-B7D3-4A19-8B1D-A019EA37F03F}"
EndProject
Project("{8BC9CEB8-8B4A-11D0-8D11-00A0C91BC942}") = "Project5", "Project5\Project5.vcxproj", "{98BBB24D-890A-4F68-9D0D-DE2CE2BA8D89}"
EndProject
Project("{8BC9CEB8-8B4A-11D0-8D11-00A0C91BC942}") = "Project7", "Project7\Project7.vcxproj", "{E47B5251-5F51-491B-9A86-3933CEFFC342}"
EndProject
Project("{8BC9CEB8-8B4A-11D0-8D11-00A0C91BC942}") = "Project8", "Project8\Project8.vcxproj", "{47D2DC99-C629-44D7-BE73-1455B87C0640}"
EndProject
Project("{8BC9CEB8-8B4A-11D0-8D11-00A0C91BC942}") = "Project9", "Project9\Project9.vcxproj", "{97A95F71-E395-4D2E-A446-04C0519A54BF}"
EndProject
Project("{8BC9CEB8-8B4A-11D0-8D11-00A0C91BC942}") = "Project12", "Project12\Project12.vcxproj", "{E4C99CA1-FB92-4DE5-8FD9-EE16EDAEA56A}"
EndProject
Project("{8BC9CEB8-8B4A-11D0-8D11-00A0C91BC942}") = "Project11", "Project11\Project11.vcxproj", "{0E3D09E2-515B-449C-95A8-AA07D8ADE898}"
EndProject
Project("{8BC9CEB8-8B4A-11D0-8D11-00A0C91BC942}") = "Project6", "Project6\Project6.vcxproj", "{C9314758-EB59-4538-AC98-5E4A48633648}"
EndProject
Project("{8BC9CEB8-8B4A-11D0-8D11-00A0C91BC942}") = "Project10", "Project10\Project10.vcxproj", "{C8B451CF-78BB-4132-9086-ADB6AF3A4904}"
EndProject
Project("{8BC9CEB8-8B4A-11D0-8D11-00A0C91BC942}") = "test001", "test001\test001.vcxproj", "{8D65EE9B-919A-4C6F-9C98-DA3BC3979B08}"
EndProject
Project("{8BC9CEB8-8B4A-11D0-8D11-00A0C91BC942}") = "test002", "test002\test002.vcxproj", "{EC9B5EAD-F8E0-4CC9-BB2E-B2582F8F106B}"
EndProject
Project("{8BC9CEB8-8B4A-11D0-8D11-00A0C91BC942}") = "test003", "test003\test003.vcxproj", "{D0C93F2A-1BBE-481F-8E64-B3F226588227}"
EndProject
Global
	GlobalSection(SolutionConfigurationPlatforms) = preSolution
		Debug|x64 = Debug|x64
		Debug|x86 = Debug|x86
		Release|x64 = Release|x64
		Release|x86 = Release|x86
	EndGlobalSection
	GlobalSection(ProjectConfigurationPlatforms) = postSolution
		{A7FFA8B8-CB2C-4DE8-AEC1-6A3442BE65CB}.Debug|x64.ActiveCfg = Debug|x64
		{A7FFA8B8-CB2C-4DE8-AEC1-6A3442BE65CB}.Debug|x64.Build.0 = Debug|x64
		{A7FFA8B8-CB2C-4DE8-AEC1-6A3442BE65CB}.Debug|x86.ActiveCfg = Debug|Win32
		{A7FFA8B8-CB2C-4DE8-AEC1-6A3442BE65CB}.Debug|x86.Build.0 = Debug|Win32
		{A7FFA8B8-CB2C-4DE8-AEC1-6A3442BE65CB}.Release|x64.ActiveCfg = Release|x64
		{A7FFA8B8-CB2C-4DE8-AEC1-6A3442BE65CB}.Release|x64.Build.0 = Release|x64
		{A7FFA8B8-CB2C-4DE8-AEC1-6A3442BE65CB}.Release|x86.ActiveCfg = Release|Win32
		{A7FFA8B8-CB2C-4DE8-AEC1-6A3442BE65CB}.Release|x86.Build.0 = Release|Win32
		{0ADE43B2-90D3-4E4C-B587-B9601465BE0F}.Debug|x64.ActiveCfg = Debug|x64
		{0ADE43B2-90D3-4E4C-B587-B9601465BE0F}.Debug|x64.Build.0 = Debug|x64
		{0ADE43B2-90D3-4E4C-B587-B9601465BE0F}.Debug|x86.ActiveCfg = Debug|Win32
		{0ADE43B2-90D3-4E4C-B587-B9601465BE0F}.Debug|x86.Build.0 = Debug|Win32
		{0ADE43B2-90D3-4E4C-B587-B9601465BE0F}.Release|x64.ActiveCfg = Release|x64
		{0ADE43B2-90D3-4E4C-B587-B9601465BE0F}.Release|x64.Build.0 = Release|x64
		{0ADE43B2-90D3-4E4C-B587-B9601465BE0F}.Release|x86.ActiveCfg = Release|Win32
		{0ADE43B2-90D3-4E4C-B587-B9601465BE0F}.Release|x86.Build.0 = Release|Win32
		{AA394E11-3BCB-4DCC-813D-34AE87B6DFED}.Debug|x64.ActiveCfg = Debug|x64
		{AA394E11-3BCB-4DCC-813D-34AE87B6DFED}.Debug|x64.Build.0 = Debug|x64
		{AA394E11-3BCB-4DCC-813D-34AE87B6DFED}.Debug|x86.ActiveCfg = Debug|Win32
		{AA394E11-3BCB-4DCC-813D-34AE87B6DFED}.Debug|x86.Build.0 = Debug|Win32
		{AA394E11-3BCB-4DCC-813D-34AE87B6DFED}.Release|x64.ActiveCfg = Release|x64
		{AA394E11-3BCB-4DCC-813D-34AE87B6DFED}.Release|x64.Build.0 = Release|x64
		{AA394E11-3BCB-4DCC-813D-34AE87B6DFED}.Release|x86.ActiveCfg = Release|Win32
		{AA394E11-3BCB-4DCC-813D-34AE87B6DFED}.Release|x86.Build.0 = Release|Win32
		{92A0C6A0-B7D3-4A19-8B1D-A019EA37F03F}.Debug|x64.ActiveCfg = Debug|x64
		{92A0C6A0-B7D3-4A19-8B1D-A019EA37F03F}.Debug|x64.Build.0 = Debug|x64
		{92A0C6A0-B7D3-4A19-8B1D-A019EA37F03F}.Debug|x86.ActiveCfg = Debug|Win32
		{92A0C6A0-B7D3-4A19-8B1D-A019EA37F03F}.Debug|x86.Build.0 = Debug|Win32
		{92A0C6A0-B7D3-4A19-8B1D-A019EA37F03F}.Release|x64.ActiveCfg = Release|x64
		{92A0C6A0-B7D3-4A19-8B1D-A019EA37F03F}.Release|x64.Build.0 = Release|x64
		{92A0C6A0-B7D3-4A19-8B1D-A019EA37F03F}.Release|x86.ActiveCfg = Release|Win32
		{92A0C6A0-B7D3-4A19-8B1D-A019EA37F03F}.Release|x86.Build.0 = Release|Win32
		{98BBB24D-890A-4F68-9D0D-DE2CE2BA8D89}.Debug|x64.ActiveCfg = Debug|x64
		{98BBB24D-890A-4F68-9D0D-DE2CE2BA8D89}.Debug|x64.Build.0 = Debug|x64
		{98BBB24D-890A-4F68-9D0D-DE2CE2BA8D89}.Debug|x86.ActiveCfg = Debug|Win32
		{98BBB24D-890A-4F68-9D0D-DE2CE2BA8D89}.Debug|x86.Build.0 = Debug|Win32
		{98BBB24D-890A-4F68-9D0D-DE2CE2BA8D89}.Release|x64.ActiveCfg = Release|x64
		{98BBB24D-890A-4F68-9D0D-DE2CE2BA8D89}.Release|x64.Build.0 = Release|x64
		{98BBB24D-890A-4F68-9D0D-DE2CE2BA8D89}.Release|x86.ActiveCfg = Release|Win32
		{98BBB24D-890A-4F68-9D0D-DE2CE2BA8D89}.Release|x86.Build.0 = Release|Win32
		{E47B5251-5F51-491B-9A86-3933CEFFC342}.Debug|x64.ActiveCfg = Debug|x64
		{E47B5251-5F51-491B-9A86-3933CEFFC342}.Debug|x64.Build.0 = Debug|x64
		{E47B5251-5F51-491B-9A86-3933CEFFC342}.Debug|x86.ActiveCfg = Debug|Win32
		{E47B5251-5F51-491B-9A86-3933CEFFC342}.Debug|x86.Build.0 = Debug|Win32
		{E47B5251-5F51-491B-9A86-3933CEFFC342}.Release|x64.ActiveCfg = Release|x64
		{E47B5251-5F51-491B-9A86-3933CEFFC342}.Release|x64.Build.0 = Release|x64
		{E47B5251-5F51-491B-9A86-3933CEFFC342}.Release|x86.ActiveCfg = Release|Win32
		{E47B5251-5F51-491B-9A86-3933CEFFC342}.Release|x86.Build.0 = Release|Win32
		{47D2DC99-C629-44D7-BE73-1455B87C0640}.Debug|x64.ActiveCfg = Debug|x64
		{47D2DC99-C629-44D7-BE73-1455B87C0640}.Debug|x64.Build.0 = Debug|x64
		{47D2DC99-C629-44D7-BE73-1455B87C0640}.Debug|x86.ActiveCfg = Debug|Win32
		{47D2DC99-C629-44D7-BE73-1455B87C0640}.Debug|x86.Build.0 = Debug|Win32
		{47D2DC99-C629-44D7-BE73-1455B87C0640}.Release|x64.ActiveCfg = Release|x64
		{47D2DC99-C629-44D7-BE73-1455B87C0640}.Release|x64.Build.0 = Release|x64
		{47D2DC99-C629-44D7-BE73-1455B87C0640}.Release|x86.ActiveCfg = Release|Win32
		{47D2DC99-C629-44D7-BE73-1455B87C0640}.Release|x86.Build.0 = Release|Win32
		{97A95F71-E395-4D2E-A446-04C0519A54BF}.Debug|x64.ActiveCfg = Debug|x64
		{97A95F71-E395-4D2E-A446-04C0519A54BF}.Debug|x64.Build.0 = Debug|x64
		{97A95F71-E395-4D2E-A446-04C0519A54BF}.Debug|x86.ActiveCfg = Debug|Win32
		{97A95F71-E395-4D2E-A446-04C0519A54BF}.Debug|x86.Build.0 = Debug|Win32
		{97A95F71-E395-4D2E-A446-04C0519A54BF}.Release|x64.ActiveCfg = Release|x64
		{97A95F71-E395-4D2E-A446-04C0519A54BF}.Release|x64.Build.0 = Release|x64
		{97A95F71-E395-4D2E-A446-04C0519A54BF}.Release|x86.ActiveCfg = Release|Win32
		{97A95F71-E395-4D2E-A446-04C0519A54BF}.Release|x86.Build.0 = Release|Win32
		{E4C99CA1-FB92-4DE5-8FD9-EE16EDAEA56A}.Debug|x64.ActiveCfg = Debug|x64
		{E4C99CA1-FB92-4DE5-8FD9-EE16EDAEA56A}.Debug|x64.Build.0 = Debug|x64
		{E4C99CA1-FB92-4DE5-8FD9-EE16EDAEA56A}.Debug|x86.ActiveCfg = Debug|Win32
		{E4C99CA1-FB92-4DE5-8FD9-EE16EDAEA56A}.Debug|x86.Build.0 = Debug|Win32
		{E4C99CA1-FB92-4DE5-8FD9-EE16EDAEA56A}.Release|x64.ActiveCfg = Release|x64
		{E4C99CA1-FB92-4DE5-8FD9-EE16EDAEA56A}.Release|x64.Build.0 = Release|x64
		{E4C99CA1-FB92-4DE5-8FD9-EE16EDAEA56A}.Release|x86.ActiveCfg = Release|Win32
		{E4C99CA1-FB92-4DE5-8FD9-EE16EDAEA56A}.Release|x86.Build.0 = Release|Win32
		{0E3D09E2-515B-449C-95A8-AA07D8ADE898}.Debug|x64.ActiveCfg = Debug|x64
		{0E3D09E2-515B-449C-95A8-AA07D8ADE898}.Debug|x64.Build.0 = Debug|x64
		{0E3D09E2-515B-449C-95A8-AA07D8ADE898}.Debug|x86.ActiveCfg = Debug|Win32
		{0E3D09E2-515B-449C-95A8-AA07D8ADE898}.Debug|x86.Build.0 = Debug|Win32
		{0E3D09E2-515B-449C-95A8-AA07D8ADE898}.Release|x64.ActiveCfg = Release|x64
		{0E3D09E2-515B-449C-95A8-AA07D8ADE898}.Release|x64.Build.0 = Release|x64
		{0E3D09E2-515B-449C-95A8-AA07D8ADE898}.Release|x86.ActiveCfg = Release|Win32
		{0E3D09E2-515B-449C-95A8-AA07D8ADE898}.Release|x86.Build.0 = Release|Win32
		{C9314758-EB59-4538-AC98-5E4A48633648}.Debug|x64.ActiveCfg = Debug|x64
		{C9314758-EB59-4538-AC98-5E4A48633648}.Debug|x64.Build.0 = Debug|x64
		{C9314758-EB59-4538-AC98-5E4A48633648}.Debug|x86.ActiveCfg = Debug|Win32
		{C9314758-EB59-4538-AC98-5E4A48633648}.Debug|x86.Build.0 = Debug|Win32
		{C9314758-EB59-4538-AC98-5E4A48633648}.Release|x64.ActiveCfg = Release|x64
		{C9314758-EB59-4538-AC98-5E4A48633648}.Release|x64.Build.0 = Release|x64
		{C9314758-EB59-4538-AC98-5E4A48633648}.Release|x86.ActiveCfg = Release|Win32
		{C9314758-EB59-4538-AC98-5E4A48633648}.Release|x86.Build.0 = Release|Win32
		{C8B451CF-78BB-4132-9086-ADB6AF3A4904}.Debug|x64.ActiveCfg = Debug|x64
		{C8B451CF-78BB-4132-9086-ADB6AF3A4904}.Debug|x64.Build.0 = Debug|x64
		{C8B451CF-78BB-4132-9086-ADB6AF3A4904}.Debug|x86.ActiveCfg = Debug|Win32
		{C8B451CF-78BB-4132-9086-ADB6AF3A4904}.Debug|x86.Build.0 = Debug|Win32
		{C8B451CF-78BB-4132-9086-ADB6AF3A4904}.Release|x64.ActiveCfg = Release|x64
		{C8B451CF-78BB-4132-9086-ADB6AF3A4904}.Release|x64.Build.0 = Release|x64
		{C8B451CF-78BB-4132-9086-ADB6AF3A4904}.Release|x86.ActiveCfg = Release|Win32
		{C8B451CF-78BB-4132-9086-ADB6AF3A4904}.Release|x86.Build.0 = Release|Win32
		{8D65EE9B-919A-4C6F-9C98-DA3BC3979B08}.Debug|x64.ActiveCfg = Debug|x64
		{8D65EE9B-919A-4C6F-9C98-DA3BC3979B08}.Debug|x64.Build.0 = Debug|x64
		{8D65EE9B-919A-4C6F-9C98-DA3BC3979B08}.Debug|x86.ActiveCfg = Debug|Win32
		{8D65EE9B-919A-4C6F-9C98-DA3BC3979B08}.Debug|x86.Build.0 = Debug|Win32
		{8D65EE9B-919A-4C6F-9C98-DA3BC3979B08}.Release|x64.ActiveCfg = Release|x64
		{8D65EE9B-919A-4C6F-9C98-DA3BC3979B08}.Release|x64.Build.0 = Release|x64
		{8D65EE9B-919A-4C6F-9C98-DA3BC3979B08}.Release|x86.ActiveCfg = Release|Win32
		{8D65EE9B-919A-4C6F-9C98-DA3BC3979B08}.Release|x86.Build.0 = Release|Win32
		{EC9B5EAD-F8E0-4CC9-BB2E-B2582F8F106B}.Debug|x64.ActiveCfg = Debug|x64
		{EC9B5EAD-F8E0-4CC9-BB2E-B2582F8F106B}.Debug|x64.Build.0 = Debug|x64
		{EC9B5EAD-F8E0-4CC9-BB2E-B2582F8F106B}.Debug|x86.ActiveCfg = Debug|Win32
		{EC9B5EAD-F8E0-4CC9-BB2E-B2582F8F106B}.Debug|x86.Build.0 = Debug|Win32
		{EC9B5EAD-F8E0-4CC9-BB2E-B2582F8F106B}.Release|x64.ActiveCfg = Release|x64
		{EC9B5EAD-F8E0-4CC9-BB2E-B2582F8F106B}.Release|x64.Build.0 = Release|x64
		{EC9B5EAD-F8E0-4CC9-BB2E-B2582F8F106B}.Release|x86.ActiveCfg = Release|Win32
		{EC9B5EAD-F8E0-4CC9-BB2E-B2582F8F106B}.Release|x86.Build.0 = Release|Win32
		{D0C93F2A-1BBE-481F-8E64-B3F226588227}.Debug|x64.ActiveCfg = Debug|x64
		{D0C93F2A-1BBE-481F-8E64-B3F226588227}.Debug|x64.Build.0 = Debug|x64
		{D0C93F2A-1BBE-481F-8E64-B3F226588227}.Debug|x86.ActiveCfg = Debug|Win32
		{D0C93F2A-1BBE-481F-8E64-B3F226588227}.Debug|x86.Build.0 = Debug|Win32
		{D0C93F2A-1BBE-481F-8E64-B3F226588227}.Release|x64.ActiveCfg = Release|x64
		{D0C93F2A-1BBE-481F-8E64-B3F226588227}.Release|x64.Build.0 = Release|x64
		{D0C93F2A-1BBE-481F-8E64-B3F226588227}.Release|x86.ActiveCfg = Release|Win32
		{D0C93F2A-1BBE-481F-8E64-B3F226588227}.Release|x86.Build.0 = Release|Win32
	EndGlobalSection
	GlobalSection(SolutionProperties) = preSolution
		HideSolutionNode = FALSE
	EndGlobalSection
EndGlobal
